
Microsoft Visual Studio Solution File, Format Version 12.00
# Visual Studio Version 16
VisualStudioVersion = 16.0.30611.23
MinimumVisualStudioVersion = 10.0.40219.1
Project("{2150E333-8FDC-42A3-9474-1A3956D46DE8}") = "Cake", "Cake", "{20D6F64D-7EAA-441B-B757-9DB9AD69FF54}"
EndProject
Project("{9A19103F-16F7-4668-BE54-9A1E7A4F7556}") = "CakeAPI", "CakeAPI\CakeAPI.csproj", "{001E20F8-F100-425C-BEEF-4913B8A6CB79}"
EndProject
Project("{2150E333-8FDC-42A3-9474-1A3956D46DE8}") = "Common", "Common", "{E2609AC7-618B-42DE-BDAB-0CA8CEAF012F}"
EndProject
Project("{2150E333-8FDC-42A3-9474-1A3956D46DE8}") = "Gateways", "Gateways", "{62AB7D56-0787-4699-A026-381921E943D8}"
EndProject
Project("{2150E333-8FDC-42A3-9474-1A3956D46DE8}") = "Order", "Order", "{84E90EE8-B028-4BA8-A917-09FA7CB6044F}"
EndProject
Project("{2150E333-8FDC-42A3-9474-1A3956D46DE8}") = "Shipping", "Shipping", "{F601FCE1-271E-4256-A25A-1C63E32274EF}"
EndProject
Project("{9A19103F-16F7-4668-BE54-9A1E7A4F7556}") = "OrderAPI", "OrderAPI\OrderAPI.csproj", "{216A1A30-8538-4A2B-B3B2-D1174D0EF1A8}"
EndProject
Project("{9A19103F-16F7-4668-BE54-9A1E7A4F7556}") = "ShippingAPI", "ShippingAPI\ShippingAPI.csproj", "{124B0336-5ECE-417F-84D2-6C72B208766B}"
EndProject
Project("{9A19103F-16F7-4668-BE54-9A1E7A4F7556}") = "CommonObjects", "CommonObjects\CommonObjects.csproj", "{E18593FD-2CE7-4ABE-8390-01E4FCB405A3}"
EndProject
Project("{FAE04EC0-301F-11D3-BF4B-00C04F79EFBC}") = "Web.HttpAggregrator", "Web.HttpAggregrator\Web.HttpAggregrator.csproj", "{106A96B1-8D01-49AC-83A6-06F53CDBE314}"
EndProject
Project("{FAE04EC0-301F-11D3-BF4B-00C04F79EFBC}") = "CakeEntities", "CakeEntities\CakeEntities.csproj", "{ACDEE3E9-5685-47BB-907B-AF3AF42773F8}"
EndProject
Project("{FAE04EC0-301F-11D3-BF4B-00C04F79EFBC}") = "OrderEntities", "OrderEntities\OrderEntities.csproj", "{D087E0F5-0800-4EF9-8849-4E9F1C2BDC10}"
EndProject
Global
	GlobalSection(SolutionConfigurationPlatforms) = preSolution
		Debug|Any CPU = Debug|Any CPU
		Release|Any CPU = Release|Any CPU
	EndGlobalSection
	GlobalSection(ProjectConfigurationPlatforms) = postSolution
		{001E20F8-F100-425C-BEEF-4913B8A6CB79}.Debug|Any CPU.ActiveCfg = Debug|Any CPU
		{001E20F8-F100-425C-BEEF-4913B8A6CB79}.Debug|Any CPU.Build.0 = Debug|Any CPU
		{001E20F8-F100-425C-BEEF-4913B8A6CB79}.Release|Any CPU.ActiveCfg = Release|Any CPU
		{001E20F8-F100-425C-BEEF-4913B8A6CB79}.Release|Any CPU.Build.0 = Release|Any CPU
		{216A1A30-8538-4A2B-B3B2-D1174D0EF1A8}.Debug|Any CPU.ActiveCfg = Debug|Any CPU
		{216A1A30-8538-4A2B-B3B2-D1174D0EF1A8}.Debug|Any CPU.Build.0 = Debug|Any CPU
		{216A1A30-8538-4A2B-B3B2-D1174D0EF1A8}.Release|Any CPU.ActiveCfg = Release|Any CPU
		{216A1A30-8538-4A2B-B3B2-D1174D0EF1A8}.Release|Any CPU.Build.0 = Release|Any CPU
		{124B0336-5ECE-417F-84D2-6C72B208766B}.Debug|Any CPU.ActiveCfg = Debug|Any CPU
		{124B0336-5ECE-417F-84D2-6C72B208766B}.Debug|Any CPU.Build.0 = Debug|Any CPU
		{124B0336-5ECE-417F-84D2-6C72B208766B}.Release|Any CPU.ActiveCfg = Release|Any CPU
		{124B0336-5ECE-417F-84D2-6C72B208766B}.Release|Any CPU.Build.0 = Release|Any CPU
		{E18593FD-2CE7-4ABE-8390-01E4FCB405A3}.Debug|Any CPU.ActiveCfg = Debug|Any CPU
		{E18593FD-2CE7-4ABE-8390-01E4FCB405A3}.Debug|Any CPU.Build.0 = Debug|Any CPU
		{E18593FD-2CE7-4ABE-8390-01E4FCB405A3}.Release|Any CPU.ActiveCfg = Release|Any CPU
		{E18593FD-2CE7-4ABE-8390-01E4FCB405A3}.Release|Any CPU.Build.0 = Release|Any CPU
		{106A96B1-8D01-49AC-83A6-06F53CDBE314}.Debug|Any CPU.ActiveCfg = Debug|Any CPU
		{106A96B1-8D01-49AC-83A6-06F53CDBE314}.Debug|Any CPU.Build.0 = Debug|Any CPU
		{106A96B1-8D01-49AC-83A6-06F53CDBE314}.Release|Any CPU.ActiveCfg = Release|Any CPU
		{106A96B1-8D01-49AC-83A6-06F53CDBE314}.Release|Any CPU.Build.0 = Release|Any CPU
		{ACDEE3E9-5685-47BB-907B-AF3AF42773F8}.Debug|Any CPU.ActiveCfg = Debug|Any CPU
		{ACDEE3E9-5685-47BB-907B-AF3AF42773F8}.Debug|Any CPU.Build.0 = Debug|Any CPU
		{ACDEE3E9-5685-47BB-907B-AF3AF42773F8}.Release|Any CPU.ActiveCfg = Release|Any CPU
		{ACDEE3E9-5685-47BB-907B-AF3AF42773F8}.Release|Any CPU.Build.0 = Release|Any CPU
		{D087E0F5-0800-4EF9-8849-4E9F1C2BDC10}.Debug|Any CPU.ActiveCfg = Debug|Any CPU
		{D087E0F5-0800-4EF9-8849-4E9F1C2BDC10}.Debug|Any CPU.Build.0 = Debug|Any CPU
		{D087E0F5-0800-4EF9-8849-4E9F1C2BDC10}.Release|Any CPU.ActiveCfg = Release|Any CPU
		{D087E0F5-0800-4EF9-8849-4E9F1C2BDC10}.Release|Any CPU.Build.0 = Release|Any CPU
	EndGlobalSection
	GlobalSection(SolutionProperties) = preSolution
		HideSolutionNode = FALSE
	EndGlobalSection
	GlobalSection(NestedProjects) = preSolution
		{001E20F8-F100-425C-BEEF-4913B8A6CB79} = {20D6F64D-7EAA-441B-B757-9DB9AD69FF54}
		{216A1A30-8538-4A2B-B3B2-D1174D0EF1A8} = {84E90EE8-B028-4BA8-A917-09FA7CB6044F}
		{124B0336-5ECE-417F-84D2-6C72B208766B} = {F601FCE1-271E-4256-A25A-1C63E32274EF}
		{E18593FD-2CE7-4ABE-8390-01E4FCB405A3} = {E2609AC7-618B-42DE-BDAB-0CA8CEAF012F}
		{106A96B1-8D01-49AC-83A6-06F53CDBE314} = {62AB7D56-0787-4699-A026-381921E943D8}
		{ACDEE3E9-5685-47BB-907B-AF3AF42773F8} = {20D6F64D-7EAA-441B-B757-9DB9AD69FF54}
		{D087E0F5-0800-4EF9-8849-4E9F1C2BDC10} = {84E90EE8-B028-4BA8-A917-09FA7CB6044F}
	EndGlobalSection
	GlobalSection(ExtensibilityGlobals) = postSolution
		SolutionGuid = {72D1FFDC-9885-4B39-8B72-073D07816735}
	EndGlobalSection
EndGlobal
